
Microsoft Visual Studio Solution File, Format Version 12.00
# Visual Studio Version 16
VisualStudioVersion = 16.0.29326.143
MinimumVisualStudioVersion = 10.0.40219.1
Project("{FAE04EC0-301F-11D3-BF4B-00C04F79EFBC}") = "BYTESINTEL-WEB", "BYTESINTEL-WEB.csproj", "{159F3F6A-A208-4EF9-8933-C83C81923576}"
EndProject
Global
	GlobalSection(SolutionConfigurationPlatforms) = preSolution
		Debug|Any CPU = Debug|Any CPU
		Release|Any CPU = Release|Any CPU
	EndGlobalSection
	GlobalSection(ProjectConfigurationPlatforms) = postSolution
		{159F3F6A-A208-4EF9-8933-C83C81923576}.Debug|Any CPU.ActiveCfg = Debug|Any CPU
		{159F3F6A-A208-4EF9-8933-C83C81923576}.Debug|Any CPU.Build.0 = Debug|Any CPU
		{159F3F6A-A208-4EF9-8933-C83C81923576}.Release|Any CPU.ActiveCfg = Release|Any CPU
		{159F3F6A-A208-4EF9-8933-C83C81923576}.Release|Any CPU.Build.0 = Release|Any CPU
	EndGlobalSection
	GlobalSection(SolutionProperties) = preSolution
		HideSolutionNode = FALSE
	EndGlobalSection
	GlobalSection(ExtensibilityGlobals) = postSolution
		SolutionGuid = {CD001DB1-1E89-4F91-9B32-3AD1792217BB}
	EndGlobalSection
EndGlobal
